// !$*UTF8*$!
{
	archiveVersion = 1;
	classes = {
	};
	objectVersion = 46;
	objects = {

/* Begin PBXBuildFile section */
		8308B442197E73A8005460BB /* Cocoa.framework in Frameworks */ = {isa = PBXBuildFile; fileRef = 8308B441197E73A8005460BB /* Cocoa.framework */; settings = {ATTRIBUTES = (Weak, ); }; };
		8308B44C197E73A8005460BB /* InfoPlist.strings in Resources */ = {isa = PBXBuildFile; fileRef = 8308B44A197E73A8005460BB /* InfoPlist.strings */; };
		8308B452197E73A8005460BB /* Credits.rtf in Resources */ = {isa = PBXBuildFile; fileRef = 8308B450197E73A8005460BB /* Credits.rtf */; };
		8308B45A197E73A8005460BB /* Images.xcassets in Resources */ = {isa = PBXBuildFile; fileRef = 8308B459197E73A8005460BB /* Images.xcassets */; };
		8308B461197E73A8005460BB /* XCTest.framework in Frameworks */ = {isa = PBXBuildFile; fileRef = 8308B460197E73A8005460BB /* XCTest.framework */; };
		8308B462197E73A8005460BB /* Cocoa.framework in Frameworks */ = {isa = PBXBuildFile; fileRef = 8308B441197E73A8005460BB /* Cocoa.framework */; };
		8308B46A197E73A8005460BB /* InfoPlist.strings in Resources */ = {isa = PBXBuildFile; fileRef = 8308B468197E73A8005460BB /* InfoPlist.strings */; };
		8308B46C197E73A8005460BB /* BezierLabTests.m in Sources */ = {isa = PBXBuildFile; fileRef = 8308B46B197E73A8005460BB /* BezierLabTests.m */; };
		830F747F199549ED00298CB5 /* BLAppDelegate 02-05-18-296.m in Sources */ = {isa = PBXBuildFile; fileRef = 830F745A199549ED00298CB5 /* BLAppDelegate 02-05-18-296.m */; };
		830F7480199549ED00298CB5 /* BLDashboardView 02-05-18-328.m in Sources */ = {isa = PBXBuildFile; fileRef = 830F745C199549ED00298CB5 /* BLDashboardView 02-05-18-328.m */; };
		830F7481199549ED00298CB5 /* main 02-05-18-370.m in Sources */ = {isa = PBXBuildFile; fileRef = 830F745D199549ED00298CB5 /* main 02-05-18-370.m */; };
		830F7482199549ED00298CB5 /* BLAppDelegate.m in Sources */ = {isa = PBXBuildFile; fileRef = 830F745F199549ED00298CB5 /* BLAppDelegate.m */; };
		830F7483199549ED00298CB5 /* BLCell.m in Sources */ = {isa = PBXBuildFile; fileRef = 830F7461199549ED00298CB5 /* BLCell.m */; };
		830F7484199549ED00298CB5 /* BLContentView.m in Sources */ = {isa = PBXBuildFile; fileRef = 830F7463199549ED00298CB5 /* BLContentView.m */; };
		830F7485199549ED00298CB5 /* BLControl.m in Sources */ = {isa = PBXBuildFile; fileRef = 830F7465199549ED00298CB5 /* BLControl.m */; };
		830F7486199549ED00298CB5 /* BLCustomeWindow.m in Sources */ = {isa = PBXBuildFile; fileRef = 830F7467199549ED00298CB5 /* BLCustomeWindow.m */; };
		830F7487199549ED00298CB5 /* BLDashboardView.m in Sources */ = {isa = PBXBuildFile; fileRef = 830F7469199549ED00298CB5 /* BLDashboardView.m */; };
		830F7488199549ED00298CB5 /* BLMainMenu.xib in Resources */ = {isa = PBXBuildFile; fileRef = 830F746A199549ED00298CB5 /* BLMainMenu.xib */; };
		830F7489199549ED00298CB5 /* BLMainWindow.xib in Resources */ = {isa = PBXBuildFile; fileRef = 830F746B199549ED00298CB5 /* BLMainWindow.xib */; };
		830F748A199549ED00298CB5 /* BLMainWindowController.m in Sources */ = {isa = PBXBuildFile; fileRef = 830F746D199549ED00298CB5 /* BLMainWindowController.m */; };
		830F748B199549ED00298CB5 /* BLModalWindow.xib in Resources */ = {isa = PBXBuildFile; fileRef = 830F746E199549ED00298CB5 /* BLModalWindow.xib */; };
		830F748C199549ED00298CB5 /* BLModalWindowController.m in Sources */ = {isa = PBXBuildFile; fileRef = 830F7470199549ED00298CB5 /* BLModalWindowController.m */; };
		830F748D199549ED00298CB5 /* BLPanel.m in Sources */ = {isa = PBXBuildFile; fileRef = 830F7472199549ED00298CB5 /* BLPanel.m */; };
		830F748E199549ED00298CB5 /* BLSearchField.m in Sources */ = {isa = PBXBuildFile; fileRef = 830F7474199549ED00298CB5 /* BLSearchField.m */; };
		830F748F199549ED00298CB5 /* BLSearchFieldCell.m in Sources */ = {isa = PBXBuildFile; fileRef = 830F7476199549ED00298CB5 /* BLSearchFieldCell.m */; };
		830F7490199549ED00298CB5 /* BLSlider.m in Sources */ = {isa = PBXBuildFile; fileRef = 830F7478199549ED00298CB5 /* BLSlider.m */; };
		830F7491199549ED00298CB5 /* BLSliderCell.m in Sources */ = {isa = PBXBuildFile; fileRef = 830F747A199549ED00298CB5 /* BLSliderCell.m */; };
		830F7493199549ED00298CB5 /* BLTestingWindowController.m in Sources */ = {isa = PBXBuildFile; fileRef = 830F747D199549ED00298CB5 /* BLTestingWindowController.m */; };
		830F7494199549ED00298CB5 /* main.m in Sources */ = {isa = PBXBuildFile; fileRef = 830F747E199549ED00298CB5 /* main.m */; };
		832156FA1992989700AF712A /* ShortcutRecorder.framework in Frameworks */ = {isa = PBXBuildFile; fileRef = 832156F91992989700AF712A /* ShortcutRecorder.framework */; settings = {ATTRIBUTES = (Weak, ); }; };
		832156FB1992989F00AF712A /* ShortcutRecorder.framework in Copy Bundle Frameworks */ = {isa = PBXBuildFile; fileRef = 832156F91992989700AF712A /* ShortcutRecorder.framework */; };
		839D876B199267E3001E319C /* BGHUDAppKit.framework in Frameworks */ = {isa = PBXBuildFile; fileRef = 839D8768199266E1001E319C /* BGHUDAppKit.framework */; settings = {ATTRIBUTES = (Weak, ); }; };
		839D876C199267F3001E319C /* BGHUDAppKit.framework in Copy Bundle Frameworks */ = {isa = PBXBuildFile; fileRef = 839D8768199266E1001E319C /* BGHUDAppKit.framework */; };
		839D8773199270DA001E319C /* ChromiumTabs.framework in Frameworks */ = {isa = PBXBuildFile; fileRef = 839D8772199270DA001E319C /* ChromiumTabs.framework */; settings = {ATTRIBUTES = (Weak, ); }; };
		839D8774199270E3001E319C /* ChromiumTabs.framework in Copy Bundle Frameworks */ = {isa = PBXBuildFile; fileRef = 839D8772199270DA001E319C /* ChromiumTabs.framework */; };
/* End PBXBuildFile section */

/* Begin PBXContainerItemProxy section */
		8308B463197E73A8005460BB /* PBXContainerItemProxy */ = {
			isa = PBXContainerItemProxy;
			containerPortal = 8308B436197E73A8005460BB /* Project object */;
			proxyType = 1;
			remoteGlobalIDString = 8308B43D197E73A8005460BB;
			remoteInfo = BezierLab;
		};
/* End PBXContainerItemProxy section */

/* Begin PBXCopyFilesBuildPhase section */
		83A9282C19926256006C86E0 /* Copy Bundle Frameworks */ = {
			isa = PBXCopyFilesBuildPhase;
			buildActionMask = 12;
			dstPath = "";
			dstSubfolderSpec = 10;
			files = (
				832156FB1992989F00AF712A /* ShortcutRecorder.framework in Copy Bundle Frameworks */,
				839D8774199270E3001E319C /* ChromiumTabs.framework in Copy Bundle Frameworks */,
				839D876C199267F3001E319C /* BGHUDAppKit.framework in Copy Bundle Frameworks */,
			);
			name = "Copy Bundle Frameworks";
			runOnlyForDeploymentPostprocessing = 0;
		};
/* End PBXCopyFilesBuildPhase section */

/* Begin PBXFileReference section */
		8308B43E197E73A8005460BB /* BezierLab.app */ = {isa = PBXFileReference; explicitFileType = wrapper.application; includeInIndex = 0; path = BezierLab.app; sourceTree = BUILT_PRODUCTS_DIR; };
		8308B441197E73A8005460BB /* Cocoa.framework */ = {isa = PBXFileReference; lastKnownFileType = wrapper.framework; name = Cocoa.framework; path = System/Library/Frameworks/Cocoa.framework; sourceTree = SDKROOT; };
		8308B444197E73A8005460BB /* AppKit.framework */ = {isa = PBXFileReference; lastKnownFileType = wrapper.framework; name = AppKit.framework; path = System/Library/Frameworks/AppKit.framework; sourceTree = SDKROOT; };
		8308B445197E73A8005460BB /* CoreData.framework */ = {isa = PBXFileReference; lastKnownFileType = wrapper.framework; name = CoreData.framework; path = System/Library/Frameworks/CoreData.framework; sourceTree = SDKROOT; };
		8308B446197E73A8005460BB /* Foundation.framework */ = {isa = PBXFileReference; lastKnownFileType = wrapper.framework; name = Foundation.framework; path = System/Library/Frameworks/Foundation.framework; sourceTree = SDKROOT; };
		8308B449197E73A8005460BB /* BezierLab-Info.plist */ = {isa = PBXFileReference; lastKnownFileType = text.plist.xml; path = "BezierLab-Info.plist"; sourceTree = "<group>"; };
		8308B44B197E73A8005460BB /* en */ = {isa = PBXFileReference; lastKnownFileType = text.plist.strings; name = en; path = en.lproj/InfoPlist.strings; sourceTree = "<group>"; };
		8308B44F197E73A8005460BB /* BezierLab-Prefix.pch */ = {isa = PBXFileReference; lastKnownFileType = sourcecode.c.h; path = "BezierLab-Prefix.pch"; sourceTree = "<group>"; };
		8308B451197E73A8005460BB /* en */ = {isa = PBXFileReference; lastKnownFileType = text.rtf; name = en; path = en.lproj/Credits.rtf; sourceTree = "<group>"; };
		8308B459197E73A8005460BB /* Images.xcassets */ = {isa = PBXFileReference; lastKnownFileType = folder.assetcatalog; path = Images.xcassets; sourceTree = "<group>"; };
		8308B45F197E73A8005460BB /* BezierLabTests.xctest */ = {isa = PBXFileReference; explicitFileType = wrapper.cfbundle; includeInIndex = 0; path = BezierLabTests.xctest; sourceTree = BUILT_PRODUCTS_DIR; };
		8308B460197E73A8005460BB /* XCTest.framework */ = {isa = PBXFileReference; lastKnownFileType = wrapper.framework; name = XCTest.framework; path = Library/Frameworks/XCTest.framework; sourceTree = DEVELOPER_DIR; };
		8308B467197E73A8005460BB /* BezierLabTests-Info.plist */ = {isa = PBXFileReference; lastKnownFileType = text.plist.xml; path = "BezierLabTests-Info.plist"; sourceTree = "<group>"; };
		8308B469197E73A8005460BB /* en */ = {isa = PBXFileReference; lastKnownFileType = text.plist.strings; name = en; path = en.lproj/InfoPlist.strings; sourceTree = "<group>"; };
		8308B46B197E73A8005460BB /* BezierLabTests.m */ = {isa = PBXFileReference; lastKnownFileType = sourcecode.c.objc; path = BezierLabTests.m; sourceTree = "<group>"; };
		830F745A199549ED00298CB5 /* BLAppDelegate 02-05-18-296.m */ = {isa = PBXFileReference; fileEncoding = 4; lastKnownFileType = sourcecode.c.objc; path = "BLAppDelegate 02-05-18-296.m"; sourceTree = "<group>"; };
		830F745B199549ED00298CB5 /* BLDashboardView 02-05-18-299.h */ = {isa = PBXFileReference; fileEncoding = 4; lastKnownFileType = sourcecode.c.h; path = "BLDashboardView 02-05-18-299.h"; sourceTree = "<group>"; };
		830F745C199549ED00298CB5 /* BLDashboardView 02-05-18-328.m */ = {isa = PBXFileReference; fileEncoding = 4; lastKnownFileType = sourcecode.c.objc; path = "BLDashboardView 02-05-18-328.m"; sourceTree = "<group>"; };
		830F745D199549ED00298CB5 /* main 02-05-18-370.m */ = {isa = PBXFileReference; fileEncoding = 4; lastKnownFileType = sourcecode.c.objc; path = "main 02-05-18-370.m"; sourceTree = "<group>"; };
		830F745E199549ED00298CB5 /* BLAppDelegate.h */ = {isa = PBXFileReference; fileEncoding = 4; lastKnownFileType = sourcecode.c.h; path = BLAppDelegate.h; sourceTree = "<group>"; };
		830F745F199549ED00298CB5 /* BLAppDelegate.m */ = {isa = PBXFileReference; fileEncoding = 4; lastKnownFileType = sourcecode.c.objc; path = BLAppDelegate.m; sourceTree = "<group>"; };
		830F7460199549ED00298CB5 /* BLCell.h */ = {isa = PBXFileReference; fileEncoding = 4; lastKnownFileType = sourcecode.c.h; path = BLCell.h; sourceTree = "<group>"; };
		830F7461199549ED00298CB5 /* BLCell.m */ = {isa = PBXFileReference; fileEncoding = 4; lastKnownFileType = sourcecode.c.objc; path = BLCell.m; sourceTree = "<group>"; };
		830F7462199549ED00298CB5 /* BLContentView.h */ = {isa = PBXFileReference; fileEncoding = 4; lastKnownFileType = sourcecode.c.h; path = BLContentView.h; sourceTree = "<group>"; };
		830F7463199549ED00298CB5 /* BLContentView.m */ = {isa = PBXFileReference; fileEncoding = 4; lastKnownFileType = sourcecode.c.objc; path = BLContentView.m; sourceTree = "<group>"; };
		830F7464199549ED00298CB5 /* BLControl.h */ = {isa = PBXFileReference; fileEncoding = 4; lastKnownFileType = sourcecode.c.h; path = BLControl.h; sourceTree = "<group>"; };
		830F7465199549ED00298CB5 /* BLControl.m */ = {isa = PBXFileReference; fileEncoding = 4; lastKnownFileType = sourcecode.c.objc; path = BLControl.m; sourceTree = "<group>"; };
		830F7466199549ED00298CB5 /* BLCustomeWindow.h */ = {isa = PBXFileReference; fileEncoding = 4; lastKnownFileType = sourcecode.c.h; path = BLCustomeWindow.h; sourceTree = "<group>"; };
		830F7467199549ED00298CB5 /* BLCustomeWindow.m */ = {isa = PBXFileReference; fileEncoding = 4; lastKnownFileType = sourcecode.c.objc; path = BLCustomeWindow.m; sourceTree = "<group>"; };
		830F7468199549ED00298CB5 /* BLDashboardView.h */ = {isa = PBXFileReference; fileEncoding = 4; lastKnownFileType = sourcecode.c.h; path = BLDashboardView.h; sourceTree = "<group>"; };
		830F7469199549ED00298CB5 /* BLDashboardView.m */ = {isa = PBXFileReference; fileEncoding = 4; lastKnownFileType = sourcecode.c.objc; path = BLDashboardView.m; sourceTree = "<group>"; };
		830F746A199549ED00298CB5 /* BLMainMenu.xib */ = {isa = PBXFileReference; fileEncoding = 4; lastKnownFileType = file.xib; name = BLMainMenu.xib; path = BezierLab/BLMainMenu.xib; sourceTree = "<group>"; };
		830F746B199549ED00298CB5 /* BLMainWindow.xib */ = {isa = PBXFileReference; fileEncoding = 4; lastKnownFileType = file.xib; name = BLMainWindow.xib; path = BezierLab/BLMainWindow.xib; sourceTree = "<group>"; };
		830F746C199549ED00298CB5 /* BLMainWindowController.h */ = {isa = PBXFileReference; fileEncoding = 4; lastKnownFileType = sourcecode.c.h; path = BLMainWindowController.h; sourceTree = "<group>"; };
		830F746D199549ED00298CB5 /* BLMainWindowController.m */ = {isa = PBXFileReference; fileEncoding = 4; lastKnownFileType = sourcecode.c.objc; path = BLMainWindowController.m; sourceTree = "<group>"; };
		830F746E199549ED00298CB5 /* BLModalWindow.xib */ = {isa = PBXFileReference; fileEncoding = 4; lastKnownFileType = file.xib; path = BLModalWindow.xib; sourceTree = "<group>"; };
		830F746F199549ED00298CB5 /* BLModalWindowController.h */ = {isa = PBXFileReference; fileEncoding = 4; lastKnownFileType = sourcecode.c.h; path = BLModalWindowController.h; sourceTree = "<group>"; };
		830F7470199549ED00298CB5 /* BLModalWindowController.m */ = {isa = PBXFileReference; fileEncoding = 4; lastKnownFileType = sourcecode.c.objc; path = BLModalWindowController.m; sourceTree = "<group>"; };
		830F7471199549ED00298CB5 /* BLPanel.h */ = {isa = PBXFileReference; fileEncoding = 4; lastKnownFileType = sourcecode.c.h; path = BLPanel.h; sourceTree = "<group>"; };
		830F7472199549ED00298CB5 /* BLPanel.m */ = {isa = PBXFileReference; fileEncoding = 4; lastKnownFileType = sourcecode.c.objc; path = BLPanel.m; sourceTree = "<group>"; };
		830F7473199549ED00298CB5 /* BLSearchField.h */ = {isa = PBXFileReference; fileEncoding = 4; lastKnownFileType = sourcecode.c.h; path = BLSearchField.h; sourceTree = "<group>"; };
		830F7474199549ED00298CB5 /* BLSearchField.m */ = {isa = PBXFileReference; fileEncoding = 4; lastKnownFileType = sourcecode.c.objc; path = BLSearchField.m; sourceTree = "<group>"; };
		830F7475199549ED00298CB5 /* BLSearchFieldCell.h */ = {isa = PBXFileReference; fileEncoding = 4; lastKnownFileType = sourcecode.c.h; path = BLSearchFieldCell.h; sourceTree = "<group>"; };
		830F7476199549ED00298CB5 /* BLSearchFieldCell.m */ = {isa = PBXFileReference; fileEncoding = 4; lastKnownFileType = sourcecode.c.objc; path = BLSearchFieldCell.m; sourceTree = "<group>"; };
		830F7477199549ED00298CB5 /* BLSlider.h */ = {isa = PBXFileReference; fileEncoding = 4; lastKnownFileType = sourcecode.c.h; path = BLSlider.h; sourceTree = "<group>"; };
		830F7478199549ED00298CB5 /* BLSlider.m */ = {isa = PBXFileReference; fileEncoding = 4; lastKnownFileType = sourcecode.c.objc; path = BLSlider.m; sourceTree = "<group>"; };
		830F7479199549ED00298CB5 /* BLSliderCell.h */ = {isa = PBXFileReference; fileEncoding = 4; lastKnownFileType = sourcecode.c.h; path = BLSliderCell.h; sourceTree = "<group>"; };
		830F747A199549ED00298CB5 /* BLSliderCell.m */ = {isa = PBXFileReference; fileEncoding = 4; lastKnownFileType = sourcecode.c.objc; path = BLSliderCell.m; sourceTree = "<group>"; };
		830F747C199549ED00298CB5 /* BLTestingWindowController.h */ = {isa = PBXFileReference; fileEncoding = 4; lastKnownFileType = sourcecode.c.h; path = BLTestingWindowController.h; sourceTree = "<group>"; };
		830F747D199549ED00298CB5 /* BLTestingWindowController.m */ = {isa = PBXFileReference; fileEncoding = 4; lastKnownFileType = sourcecode.c.objc; path = BLTestingWindowController.m; sourceTree = "<group>"; };
		830F747E199549ED00298CB5 /* main.m */ = {isa = PBXFileReference; fileEncoding = 4; lastKnownFileType = sourcecode.c.objc; path = main.m; sourceTree = "<group>"; };
		832156F91992989700AF712A /* ShortcutRecorder.framework */ = {isa = PBXFileReference; lastKnownFileType = wrapper.framework; name = ShortcutRecorder.framework; path = "../../XcodeProjects/Execution/ShortcutRecorder-aebskshkfvjlkzcyhpdlxflobonx/Build/Products/Release/ShortcutRecorder.framework"; sourceTree = "<group>"; };
		839D8768199266E1001E319C /* BGHUDAppKit.framework */ = {isa = PBXFileReference; lastKnownFileType = wrapper.framework; name = BGHUDAppKit.framework; path = "../../XcodeProjects/Execution/BGHUDAppKit-ffdzzteoqqwoazhapanzfzpmxqzs/Build/Products/Release/BGHUDAppKit.framework"; sourceTree = "<group>"; };
		839D8772199270DA001E319C /* ChromiumTabs.framework */ = {isa = PBXFileReference; lastKnownFileType = wrapper.framework; name = ChromiumTabs.framework; path = "../../XcodeProjects/Execution/chromium-tabs-gzpjirgcdsaihmbxveyurmjnfigi/Build/Products/Release/ChromiumTabs.framework"; sourceTree = "<group>"; };
		83F49756197EBB31008CEAD4 /* BLCommon.h */ = {isa = PBXFileReference; fileEncoding = 4; lastKnownFileType = sourcecode.c.h; name = BLCommon.h; path = BezierLab/BLCommon.h; sourceTree = "<group>"; };
/* End PBXFileReference section */

/* Begin PBXFrameworksBuildPhase section */
		8308B43B197E73A8005460BB /* Frameworks */ = {
			isa = PBXFrameworksBuildPhase;
			buildActionMask = 2147483647;
			files = (
				832156FA1992989700AF712A /* ShortcutRecorder.framework in Frameworks */,
				839D8773199270DA001E319C /* ChromiumTabs.framework in Frameworks */,
				839D876B199267E3001E319C /* BGHUDAppKit.framework in Frameworks */,
				8308B442197E73A8005460BB /* Cocoa.framework in Frameworks */,
			);
			runOnlyForDeploymentPostprocessing = 0;
		};
		8308B45C197E73A8005460BB /* Frameworks */ = {
			isa = PBXFrameworksBuildPhase;
			buildActionMask = 2147483647;
			files = (
				8308B462197E73A8005460BB /* Cocoa.framework in Frameworks */,
				8308B461197E73A8005460BB /* XCTest.framework in Frameworks */,
			);
			runOnlyForDeploymentPostprocessing = 0;
		};
/* End PBXFrameworksBuildPhase section */

/* Begin PBXGroup section */
		8308B435197E73A8005460BB = {
			isa = PBXGroup;
			children = (
				83F49756197EBB31008CEAD4 /* BLCommon.h */,
				8308B447197E73A8005460BB /* BezierLab */,
				83F49755197EBB06008CEAD4 /* User Interfaces */,
				8308B465197E73A8005460BB /* BezierLabTests */,
				8308B440197E73A8005460BB /* Frameworks */,
				8308B43F197E73A8005460BB /* Products */,
			);
			sourceTree = "<group>";
		};
		8308B43F197E73A8005460BB /* Products */ = {
			isa = PBXGroup;
			children = (
				8308B43E197E73A8005460BB /* BezierLab.app */,
				8308B45F197E73A8005460BB /* BezierLabTests.xctest */,
			);
			name = Products;
			sourceTree = "<group>";
		};
		8308B440197E73A8005460BB /* Frameworks */ = {
			isa = PBXGroup;
			children = (
				832156F91992989700AF712A /* ShortcutRecorder.framework */,
				839D8772199270DA001E319C /* ChromiumTabs.framework */,
				839D8768199266E1001E319C /* BGHUDAppKit.framework */,
				8308B441197E73A8005460BB /* Cocoa.framework */,
				8308B460197E73A8005460BB /* XCTest.framework */,
				8308B443197E73A8005460BB /* Other Frameworks */,
			);
			name = Frameworks;
			sourceTree = "<group>";
		};
		8308B443197E73A8005460BB /* Other Frameworks */ = {
			isa = PBXGroup;
			children = (
				8308B444197E73A8005460BB /* AppKit.framework */,
				8308B445197E73A8005460BB /* CoreData.framework */,
				8308B446197E73A8005460BB /* Foundation.framework */,
			);
			name = "Other Frameworks";
			sourceTree = "<group>";
		};
		8308B447197E73A8005460BB /* BezierLab */ = {
			isa = PBXGroup;
			children = (
				830F745A199549ED00298CB5 /* BLAppDelegate 02-05-18-296.m */,
				830F745B199549ED00298CB5 /* BLDashboardView 02-05-18-299.h */,
				830F745C199549ED00298CB5 /* BLDashboardView 02-05-18-328.m */,
				830F745D199549ED00298CB5 /* main 02-05-18-370.m */,
				830F745E199549ED00298CB5 /* BLAppDelegate.h */,
				830F745F199549ED00298CB5 /* BLAppDelegate.m */,
				830F7460199549ED00298CB5 /* BLCell.h */,
				830F7461199549ED00298CB5 /* BLCell.m */,
				830F7462199549ED00298CB5 /* BLContentView.h */,
				830F7463199549ED00298CB5 /* BLContentView.m */,
				830F7464199549ED00298CB5 /* BLControl.h */,
				830F7465199549ED00298CB5 /* BLControl.m */,
				830F7466199549ED00298CB5 /* BLCustomeWindow.h */,
				830F7467199549ED00298CB5 /* BLCustomeWindow.m */,
				830F7468199549ED00298CB5 /* BLDashboardView.h */,
				830F7469199549ED00298CB5 /* BLDashboardView.m */,
				830F746C199549ED00298CB5 /* BLMainWindowController.h */,
				830F746D199549ED00298CB5 /* BLMainWindowController.m */,
				830F746E199549ED00298CB5 /* BLModalWindow.xib */,
				830F746F199549ED00298CB5 /* BLModalWindowController.h */,
				830F7470199549ED00298CB5 /* BLModalWindowController.m */,
				830F7471199549ED00298CB5 /* BLPanel.h */,
				830F7472199549ED00298CB5 /* BLPanel.m */,
				830F7473199549ED00298CB5 /* BLSearchField.h */,
				830F7474199549ED00298CB5 /* BLSearchField.m */,
				830F7475199549ED00298CB5 /* BLSearchFieldCell.h */,
				830F7476199549ED00298CB5 /* BLSearchFieldCell.m */,
				830F7477199549ED00298CB5 /* BLSlider.h */,
				830F7478199549ED00298CB5 /* BLSlider.m */,
				830F7479199549ED00298CB5 /* BLSliderCell.h */,
				830F747A199549ED00298CB5 /* BLSliderCell.m */,
				830F747C199549ED00298CB5 /* BLTestingWindowController.h */,
				830F747D199549ED00298CB5 /* BLTestingWindowController.m */,
				830F747E199549ED00298CB5 /* main.m */,
				8308B459197E73A8005460BB /* Images.xcassets */,
				8308B448197E73A8005460BB /* Supporting Files */,
			);
			path = BezierLab;
			sourceTree = "<group>";
		};
		8308B448197E73A8005460BB /* Supporting Files */ = {
			isa = PBXGroup;
			children = (
				8308B449197E73A8005460BB /* BezierLab-Info.plist */,
				8308B44A197E73A8005460BB /* InfoPlist.strings */,
				8308B44F197E73A8005460BB /* BezierLab-Prefix.pch */,
				8308B450197E73A8005460BB /* Credits.rtf */,
			);
			name = "Supporting Files";
			sourceTree = "<group>";
		};
		8308B465197E73A8005460BB /* BezierLabTests */ = {
			isa = PBXGroup;
			children = (
				8308B46B197E73A8005460BB /* BezierLabTests.m */,
				8308B466197E73A8005460BB /* Supporting Files */,
			);
			path = BezierLabTests;
			sourceTree = "<group>";
		};
		8308B466197E73A8005460BB /* Supporting Files */ = {
			isa = PBXGroup;
			children = (
				8308B467197E73A8005460BB /* BezierLabTests-Info.plist */,
				8308B468197E73A8005460BB /* InfoPlist.strings */,
			);
			name = "Supporting Files";
			sourceTree = "<group>";
		};
		83F49755197EBB06008CEAD4 /* User Interfaces */ = {
			isa = PBXGroup;
			children = (
				830F746A199549ED00298CB5 /* BLMainMenu.xib */,
				830F746B199549ED00298CB5 /* BLMainWindow.xib */,
			);
			name = "User Interfaces";
			sourceTree = "<group>";
		};
/* End PBXGroup section */

/* Begin PBXNativeTarget section */
		8308B43D197E73A8005460BB /* BezierLab */ = {
			isa = PBXNativeTarget;
			buildConfigurationList = 8308B46F197E73A8005460BB /* Build configuration list for PBXNativeTarget "BezierLab" */;
			buildPhases = (
				8308B43A197E73A8005460BB /* Sources */,
				8308B43B197E73A8005460BB /* Frameworks */,
				8308B43C197E73A8005460BB /* Resources */,
				83A9282C19926256006C86E0 /* Copy Bundle Frameworks */,
			);
			buildRules = (
			);
			dependencies = (
			);
			name = BezierLab;
			productName = BezierLab;
			productReference = 8308B43E197E73A8005460BB /* BezierLab.app */;
			productType = "com.apple.product-type.application";
		};
		8308B45E197E73A8005460BB /* BezierLabTests */ = {
			isa = PBXNativeTarget;
			buildConfigurationList = 8308B472197E73A8005460BB /* Build configuration list for PBXNativeTarget "BezierLabTests" */;
			buildPhases = (
				8308B45B197E73A8005460BB /* Sources */,
				8308B45C197E73A8005460BB /* Frameworks */,
				8308B45D197E73A8005460BB /* Resources */,
			);
			buildRules = (
			);
			dependencies = (
				8308B464197E73A8005460BB /* PBXTargetDependency */,
			);
			name = BezierLabTests;
			productName = BezierLabTests;
			productReference = 8308B45F197E73A8005460BB /* BezierLabTests.xctest */;
			productType = "com.apple.product-type.bundle.unit-test";
		};
/* End PBXNativeTarget section */

/* Begin PBXProject section */
		8308B436197E73A8005460BB /* Project object */ = {
			isa = PBXProject;
			attributes = {
				CLASSPREFIX = BL;
				LastUpgradeCheck = 0510;
				ORGANIZATIONNAME = "Tong G.";
				TargetAttributes = {
					8308B45E197E73A8005460BB = {
						TestTargetID = 8308B43D197E73A8005460BB;
					};
				};
			};
			buildConfigurationList = 8308B439197E73A8005460BB /* Build configuration list for PBXProject "BezierLab" */;
			compatibilityVersion = "Xcode 3.2";
			developmentRegion = English;
			hasScannedForEncodings = 0;
			knownRegions = (
				en,
				Base,
			);
			mainGroup = 8308B435197E73A8005460BB;
			productRefGroup = 8308B43F197E73A8005460BB /* Products */;
			projectDirPath = "";
			projectRoot = "";
			targets = (
				8308B43D197E73A8005460BB /* BezierLab */,
				8308B45E197E73A8005460BB /* BezierLabTests */,
			);
		};
/* End PBXProject section */

/* Begin PBXResourcesBuildPhase section */
		8308B43C197E73A8005460BB /* Resources */ = {
			isa = PBXResourcesBuildPhase;
			buildActionMask = 2147483647;
			files = (
				8308B44C197E73A8005460BB /* InfoPlist.strings in Resources */,
				8308B45A197E73A8005460BB /* Images.xcassets in Resources */,
				8308B452197E73A8005460BB /* Credits.rtf in Resources */,
				830F748B199549ED00298CB5 /* BLModalWindow.xib in Resources */,
				830F7489199549ED00298CB5 /* BLMainWindow.xib in Resources */,
				830F7488199549ED00298CB5 /* BLMainMenu.xib in Resources */,
			);
			runOnlyForDeploymentPostprocessing = 0;
		};
		8308B45D197E73A8005460BB /* Resources */ = {
			isa = PBXResourcesBuildPhase;
			buildActionMask = 2147483647;
			files = (
				8308B46A197E73A8005460BB /* InfoPlist.strings in Resources */,
			);
			runOnlyForDeploymentPostprocessing = 0;
		};
/* End PBXResourcesBuildPhase section */

/* Begin PBXSourcesBuildPhase section */
		8308B43A197E73A8005460BB /* Sources */ = {
			isa = PBXSourcesBuildPhase;
			buildActionMask = 2147483647;
			files = (
				830F7482199549ED00298CB5 /* BLAppDelegate.m in Sources */,
				830F748E199549ED00298CB5 /* BLSearchField.m in Sources */,
				830F748F199549ED00298CB5 /* BLSearchFieldCell.m in Sources */,
				830F7480199549ED00298CB5 /* BLDashboardView 02-05-18-328.m in Sources */,
				830F7486199549ED00298CB5 /* BLCustomeWindow.m in Sources */,
				830F7481199549ED00298CB5 /* main 02-05-18-370.m in Sources */,
				830F7483199549ED00298CB5 /* BLCell.m in Sources */,
				830F7485199549ED00298CB5 /* BLControl.m in Sources */,
				830F7490199549ED00298CB5 /* BLSlider.m in Sources */,
				830F748C199549ED00298CB5 /* BLModalWindowController.m in Sources */,
				830F7493199549ED00298CB5 /* BLTestingWindowController.m in Sources */,
				830F7491199549ED00298CB5 /* BLSliderCell.m in Sources */,
				830F7484199549ED00298CB5 /* BLContentView.m in Sources */,
				830F747F199549ED00298CB5 /* BLAppDelegate 02-05-18-296.m in Sources */,
				830F748A199549ED00298CB5 /* BLMainWindowController.m in Sources */,
				830F748D199549ED00298CB5 /* BLPanel.m in Sources */,
				830F7494199549ED00298CB5 /* main.m in Sources */,
				830F7487199549ED00298CB5 /* BLDashboardView.m in Sources */,
			);
			runOnlyForDeploymentPostprocessing = 0;
		};
		8308B45B197E73A8005460BB /* Sources */ = {
			isa = PBXSourcesBuildPhase;
			buildActionMask = 2147483647;
			files = (
				8308B46C197E73A8005460BB /* BezierLabTests.m in Sources */,
			);
			runOnlyForDeploymentPostprocessing = 0;
		};
/* End PBXSourcesBuildPhase section */

/* Begin PBXTargetDependency section */
		8308B464197E73A8005460BB /* PBXTargetDependency */ = {
			isa = PBXTargetDependency;
			target = 8308B43D197E73A8005460BB /* BezierLab */;
			targetProxy = 8308B463197E73A8005460BB /* PBXContainerItemProxy */;
		};
/* End PBXTargetDependency section */

/* Begin PBXVariantGroup section */
		8308B44A197E73A8005460BB /* InfoPlist.strings */ = {
			isa = PBXVariantGroup;
			children = (
				8308B44B197E73A8005460BB /* en */,
			);
			name = InfoPlist.strings;
			sourceTree = "<group>";
		};
		8308B450197E73A8005460BB /* Credits.rtf */ = {
			isa = PBXVariantGroup;
			children = (
				8308B451197E73A8005460BB /* en */,
			);
			name = Credits.rtf;
			sourceTree = "<group>";
		};
		8308B468197E73A8005460BB /* InfoPlist.strings */ = {
			isa = PBXVariantGroup;
			children = (
				8308B469197E73A8005460BB /* en */,
			);
			name = InfoPlist.strings;
			sourceTree = "<group>";
		};
/* End PBXVariantGroup section */

/* Begin XCBuildConfiguration section */
		8308B46D197E73A8005460BB /* Debug */ = {
			isa = XCBuildConfiguration;
			buildSettings = {
				ALWAYS_SEARCH_USER_PATHS = NO;
				CLANG_CXX_LANGUAGE_STANDARD = "gnu++0x";
				CLANG_CXX_LIBRARY = "libc++";
				CLANG_ENABLE_MODULES = YES;
				CLANG_ENABLE_OBJC_ARC = YES;
				CLANG_WARN_BOOL_CONVERSION = YES;
				CLANG_WARN_CONSTANT_CONVERSION = YES;
				CLANG_WARN_DIRECT_OBJC_ISA_USAGE = YES_ERROR;
				CLANG_WARN_EMPTY_BODY = YES;
				CLANG_WARN_ENUM_CONVERSION = YES;
				CLANG_WARN_INT_CONVERSION = YES;
				CLANG_WARN_OBJC_ROOT_CLASS = YES_ERROR;
				CLANG_WARN__DUPLICATE_METHOD_MATCH = YES;
				COPY_PHASE_STRIP = NO;
				GCC_C_LANGUAGE_STANDARD = gnu99;
				GCC_DYNAMIC_NO_PIC = NO;
				GCC_ENABLE_OBJC_EXCEPTIONS = YES;
				GCC_OPTIMIZATION_LEVEL = 0;
				GCC_PREPROCESSOR_DEFINITIONS = (
					"DEBUG=1",
					"$(inherited)",
				);
				GCC_SYMBOLS_PRIVATE_EXTERN = NO;
				GCC_WARN_64_TO_32_BIT_CONVERSION = YES;
				GCC_WARN_ABOUT_RETURN_TYPE = YES_ERROR;
				GCC_WARN_UNDECLARED_SELECTOR = YES;
				GCC_WARN_UNINITIALIZED_AUTOS = YES_AGGRESSIVE;
				GCC_WARN_UNUSED_FUNCTION = YES;
				GCC_WARN_UNUSED_VARIABLE = YES;
				MACOSX_DEPLOYMENT_TARGET = 10.9;
				ONLY_ACTIVE_ARCH = YES;
				SDKROOT = macosx;
			};
			name = Debug;
		};
		8308B46E197E73A8005460BB /* Release */ = {
			isa = XCBuildConfiguration;
			buildSettings = {
				ALWAYS_SEARCH_USER_PATHS = NO;
				CLANG_CXX_LANGUAGE_STANDARD = "gnu++0x";
				CLANG_CXX_LIBRARY = "libc++";
				CLANG_ENABLE_MODULES = YES;
				CLANG_ENABLE_OBJC_ARC = YES;
				CLANG_WARN_BOOL_CONVERSION = YES;
				CLANG_WARN_CONSTANT_CONVERSION = YES;
				CLANG_WARN_DIRECT_OBJC_ISA_USAGE = YES_ERROR;
				CLANG_WARN_EMPTY_BODY = YES;
				CLANG_WARN_ENUM_CONVERSION = YES;
				CLANG_WARN_INT_CONVERSION = YES;
				CLANG_WARN_OBJC_ROOT_CLASS = YES_ERROR;
				CLANG_WARN__DUPLICATE_METHOD_MATCH = YES;
				COPY_PHASE_STRIP = YES;
				DEBUG_INFORMATION_FORMAT = "dwarf-with-dsym";
				ENABLE_NS_ASSERTIONS = NO;
				GCC_C_LANGUAGE_STANDARD = gnu99;
				GCC_ENABLE_OBJC_EXCEPTIONS = YES;
				GCC_WARN_64_TO_32_BIT_CONVERSION = YES;
				GCC_WARN_ABOUT_RETURN_TYPE = YES_ERROR;
				GCC_WARN_UNDECLARED_SELECTOR = YES;
				GCC_WARN_UNINITIALIZED_AUTOS = YES_AGGRESSIVE;
				GCC_WARN_UNUSED_FUNCTION = YES;
				GCC_WARN_UNUSED_VARIABLE = YES;
				MACOSX_DEPLOYMENT_TARGET = 10.9;
				SDKROOT = macosx;
			};
			name = Release;
		};
		8308B470197E73A8005460BB /* Debug */ = {
			isa = XCBuildConfiguration;
			buildSettings = {
				ASSETCATALOG_COMPILER_APPICON_NAME = AppIcon;
				CLANG_ENABLE_OBJC_ARC = NO;
				COMBINE_HIDPI_IMAGES = YES;
				FRAMEWORK_SEARCH_PATHS = (
					"$(inherited)",
					/Users/EsquireTongG,
					"/Users/EsquireTongG/XcodeProjects/Execution/BGHUDAppKit-ffdzzteoqqwoazhapanzfzpmxqzs/Build/Products/Release",
					"/Users/EsquireTongG/XcodeProjects/Execution/chromium-tabs-gzpjirgcdsaihmbxveyurmjnfigi/Build/Products/Release",
					"/Users/EsquireTongG/XcodeProjects/Execution/ShortcutRecorder-aebskshkfvjlkzcyhpdlxflobonx/Build/Products/Release",
				);
				GCC_PRECOMPILE_PREFIX_HEADER = YES;
				GCC_PREFIX_HEADER = "BezierLab/BezierLab-Prefix.pch";
				INFOPLIST_FILE = "BezierLab/BezierLab-Info.plist";
				PRODUCT_NAME = "$(TARGET_NAME)";
				WRAPPER_EXTENSION = app;
			};
			name = Debug;
		};
		8308B471197E73A8005460BB /* Release */ = {
			isa = XCBuildConfiguration;
			buildSettings = {
				ASSETCATALOG_COMPILER_APPICON_NAME = AppIcon;
				CLANG_ENABLE_OBJC_ARC = NO;
				COMBINE_HIDPI_IMAGES = YES;
				FRAMEWORK_SEARCH_PATHS = (
					"$(inherited)",
					/Users/EsquireTongG,
					"/Users/EsquireTongG/XcodeProjects/Execution/BGHUDAppKit-ffdzzteoqqwoazhapanzfzpmxqzs/Build/Products/Release",
					"/Users/EsquireTongG/XcodeProjects/Execution/chromium-tabs-gzpjirgcdsaihmbxveyurmjnfigi/Build/Products/Release",
					"/Users/EsquireTongG/XcodeProjects/Execution/ShortcutRecorder-aebskshkfvjlkzcyhpdlxflobonx/Build/Products/Release",
				);
				GCC_PRECOMPILE_PREFIX_HEADER = YES;
				GCC_PREFIX_HEADER = "BezierLab/BezierLab-Prefix.pch";
				INFOPLIST_FILE = "BezierLab/BezierLab-Info.plist";
				PRODUCT_NAME = "$(TARGET_NAME)";
				WRAPPER_EXTENSION = app;
			};
			name = Release;
		};
		8308B473197E73A8005460BB /* Debug */ = {
			isa = XCBuildConfiguration;
			buildSettings = {
				BUNDLE_LOADER = "$(BUILT_PRODUCTS_DIR)/BezierLab.app/Contents/MacOS/BezierLab";
				COMBINE_HIDPI_IMAGES = YES;
				FRAMEWORK_SEARCH_PATHS = (
					"$(DEVELOPER_FRAMEWORKS_DIR)",
					"$(inherited)",
				);
				GCC_PRECOMPILE_PREFIX_HEADER = YES;
				GCC_PREFIX_HEADER = "BezierLab/BezierLab-Prefix.pch";
				GCC_PREPROCESSOR_DEFINITIONS = (
					"DEBUG=1",
					"$(inherited)",
				);
				INFOPLIST_FILE = "BezierLabTests/BezierLabTests-Info.plist";
				PRODUCT_NAME = "$(TARGET_NAME)";
				TEST_HOST = "$(BUNDLE_LOADER)";
				WRAPPER_EXTENSION = xctest;
			};
			name = Debug;
		};
		8308B474197E73A8005460BB /* Release */ = {
			isa = XCBuildConfiguration;
			buildSettings = {
				BUNDLE_LOADER = "$(BUILT_PRODUCTS_DIR)/BezierLab.app/Contents/MacOS/BezierLab";
				COMBINE_HIDPI_IMAGES = YES;
				FRAMEWORK_SEARCH_PATHS = (
					"$(DEVELOPER_FRAMEWORKS_DIR)",
					"$(inherited)",
				);
				GCC_PRECOMPILE_PREFIX_HEADER = YES;
				GCC_PREFIX_HEADER = "BezierLab/BezierLab-Prefix.pch";
				INFOPLIST_FILE = "BezierLabTests/BezierLabTests-Info.plist";
				PRODUCT_NAME = "$(TARGET_NAME)";
				TEST_HOST = "$(BUNDLE_LOADER)";
				WRAPPER_EXTENSION = xctest;
			};
			name = Release;
		};
/* End XCBuildConfiguration section */

/* Begin XCConfigurationList section */
		8308B439197E73A8005460BB /* Build configuration list for PBXProject "BezierLab" */ = {
			isa = XCConfigurationList;
			buildConfigurations = (
				8308B46D197E73A8005460BB /* Debug */,
				8308B46E197E73A8005460BB /* Release */,
			);
			defaultConfigurationIsVisible = 0;
			defaultConfigurationName = Release;
		};
		8308B46F197E73A8005460BB /* Build configuration list for PBXNativeTarget "BezierLab" */ = {
			isa = XCConfigurationList;
			buildConfigurations = (
				8308B470197E73A8005460BB /* Debug */,
				8308B471197E73A8005460BB /* Release */,
			);
			defaultConfigurationIsVisible = 0;
			defaultConfigurationName = Release;
		};
		8308B472197E73A8005460BB /* Build configuration list for PBXNativeTarget "BezierLabTests" */ = {
			isa = XCConfigurationList;
			buildConfigurations = (
				8308B473197E73A8005460BB /* Debug */,
				8308B474197E73A8005460BB /* Release */,
			);
			defaultConfigurationIsVisible = 0;
			defaultConfigurationName = Release;
		};
/* End XCConfigurationList section */
	};
	rootObject = 8308B436197E73A8005460BB /* Project object */;
}
